
Microsoft Visual Studio Solution File, Format Version 12.00
# Visual Studio Version 17
VisualStudioVersion = 17.7.34024.191
MinimumVisualStudioVersion = 10.0.40219.1
Project("{FAE04EC0-301F-11D3-BF4B-00C04F79EFBC}") = "HelloWorld", "HelloWorld.csproj", "{987C5124-ED60-4BB4-AE9F-926E1916F82F}"
EndProject
Global
	GlobalSection(SolutionConfigurationPlatforms) = preSolution
		Debug|Any CPU = Debug|Any CPU
		Release|Any CPU = Release|Any CPU
	EndGlobalSection
	GlobalSection(ProjectConfigurationPlatforms) = postSolution
		{987C5124-ED60-4BB4-AE9F-926E1916F82F}.Debug|Any CPU.ActiveCfg = Debug|Any CPU
		{987C5124-ED60-4BB4-AE9F-926E1916F82F}.Debug|Any CPU.Build.0 = Debug|Any CPU
		{987C5124-ED60-4BB4-AE9F-926E1916F82F}.Release|Any CPU.ActiveCfg = Release|Any CPU
		{987C5124-ED60-4BB4-AE9F-926E1916F82F}.Release|Any CPU.Build.0 = Release|Any CPU
	EndGlobalSection
	GlobalSection(SolutionProperties) = preSolution
		HideSolutionNode = FALSE
	EndGlobalSection
	GlobalSection(ExtensibilityGlobals) = postSolution
		SolutionGuid = {B0DB2FD5-090A-4BD6-992E-FEB8F335E411}
	EndGlobalSection
EndGlobal
